
Microsoft Visual Studio Solution File, Format Version 12.00
# Visual Studio Version 17
VisualStudioVersion = 17.7.34202.233
MinimumVisualStudioVersion = 10.0.40219.1
Project("{FAE04EC0-301F-11D3-BF4B-00C04F79EFBC}") = "ex3", "ex3\ex3.csproj", "{81BEE959-C064-4111-A27C-0F2AC3C72B5B}"
EndProject
Global
	GlobalSection(SolutionConfigurationPlatforms) = preSolution
		Debug|Any CPU = Debug|Any CPU
		Release|Any CPU = Release|Any CPU
	EndGlobalSection
	GlobalSection(ProjectConfigurationPlatforms) = postSolution
		{81BEE959-C064-4111-A27C-0F2AC3C72B5B}.Debug|Any CPU.ActiveCfg = Debug|Any CPU
		{81BEE959-C064-4111-A27C-0F2AC3C72B5B}.Debug|Any CPU.Build.0 = Debug|Any CPU
		{81BEE959-C064-4111-A27C-0F2AC3C72B5B}.Release|Any CPU.ActiveCfg = Release|Any CPU
		{81BEE959-C064-4111-A27C-0F2AC3C72B5B}.Release|Any CPU.Build.0 = Release|Any CPU
	EndGlobalSection
	GlobalSection(SolutionProperties) = preSolution
		HideSolutionNode = FALSE
	EndGlobalSection
	GlobalSection(ExtensibilityGlobals) = postSolution
		SolutionGuid = {5B91614D-EB48-4294-B694-135EF13F2DE6}
	EndGlobalSection
EndGlobal
