
Microsoft Visual Studio Solution File, Format Version 12.00
# Visual Studio Version 17
VisualStudioVersion = 17.7.34202.233
MinimumVisualStudioVersion = 10.0.40219.1
Project("{FAE04EC0-301F-11D3-BF4B-00C04F79EFBC}") = "10.26", "10.26\10.26.csproj", "{DBB274C6-4D5F-4D1B-A0D9-18FA8BE746E4}"
EndProject
Global
	GlobalSection(SolutionConfigurationPlatforms) = preSolution
		Debug|Any CPU = Debug|Any CPU
		Release|Any CPU = Release|Any CPU
	EndGlobalSection
	GlobalSection(ProjectConfigurationPlatforms) = postSolution
		{DBB274C6-4D5F-4D1B-A0D9-18FA8BE746E4}.Debug|Any CPU.ActiveCfg = Debug|Any CPU
		{DBB274C6-4D5F-4D1B-A0D9-18FA8BE746E4}.Debug|Any CPU.Build.0 = Debug|Any CPU
		{DBB274C6-4D5F-4D1B-A0D9-18FA8BE746E4}.Release|Any CPU.ActiveCfg = Release|Any CPU
		{DBB274C6-4D5F-4D1B-A0D9-18FA8BE746E4}.Release|Any CPU.Build.0 = Release|Any CPU
	EndGlobalSection
	GlobalSection(SolutionProperties) = preSolution
		HideSolutionNode = FALSE
	EndGlobalSection
	GlobalSection(ExtensibilityGlobals) = postSolution
		SolutionGuid = {5F4E4CF1-5570-4DDC-975D-814026125FBD}
	EndGlobalSection
EndGlobal
