
Microsoft Visual Studio Solution File, Format Version 12.00
# Visual Studio Version 17
VisualStudioVersion = 17.7.34202.233
MinimumVisualStudioVersion = 10.0.40219.1
Project("{FAE04EC0-301F-11D3-BF4B-00C04F79EFBC}") = "set1ex12", "set1ex12\set1ex12.csproj", "{0710D340-0657-46BB-A83F-1F27DE1C0DF9}"
EndProject
Global
	GlobalSection(SolutionConfigurationPlatforms) = preSolution
		Debug|Any CPU = Debug|Any CPU
		Release|Any CPU = Release|Any CPU
	EndGlobalSection
	GlobalSection(ProjectConfigurationPlatforms) = postSolution
		{0710D340-0657-46BB-A83F-1F27DE1C0DF9}.Debug|Any CPU.ActiveCfg = Debug|Any CPU
		{0710D340-0657-46BB-A83F-1F27DE1C0DF9}.Debug|Any CPU.Build.0 = Debug|Any CPU
		{0710D340-0657-46BB-A83F-1F27DE1C0DF9}.Release|Any CPU.ActiveCfg = Release|Any CPU
		{0710D340-0657-46BB-A83F-1F27DE1C0DF9}.Release|Any CPU.Build.0 = Release|Any CPU
	EndGlobalSection
	GlobalSection(SolutionProperties) = preSolution
		HideSolutionNode = FALSE
	EndGlobalSection
	GlobalSection(ExtensibilityGlobals) = postSolution
		SolutionGuid = {327478B5-46C9-4E03-AEA0-5BCC660B20F2}
	EndGlobalSection
EndGlobal
