
Microsoft Visual Studio Solution File, Format Version 12.00
# Visual Studio Version 17
VisualStudioVersion = 17.7.34202.233
MinimumVisualStudioVersion = 10.0.40219.1
Project("{FAE04EC0-301F-11D3-BF4B-00C04F79EFBC}") = "ex5", "ex5\ex5.csproj", "{0596E2A2-5625-46B9-B35D-BD3E51F9151C}"
EndProject
Global
	GlobalSection(SolutionConfigurationPlatforms) = preSolution
		Debug|Any CPU = Debug|Any CPU
		Release|Any CPU = Release|Any CPU
	EndGlobalSection
	GlobalSection(ProjectConfigurationPlatforms) = postSolution
		{0596E2A2-5625-46B9-B35D-BD3E51F9151C}.Debug|Any CPU.ActiveCfg = Debug|Any CPU
		{0596E2A2-5625-46B9-B35D-BD3E51F9151C}.Debug|Any CPU.Build.0 = Debug|Any CPU
		{0596E2A2-5625-46B9-B35D-BD3E51F9151C}.Release|Any CPU.ActiveCfg = Release|Any CPU
		{0596E2A2-5625-46B9-B35D-BD3E51F9151C}.Release|Any CPU.Build.0 = Release|Any CPU
	EndGlobalSection
	GlobalSection(SolutionProperties) = preSolution
		HideSolutionNode = FALSE
	EndGlobalSection
	GlobalSection(ExtensibilityGlobals) = postSolution
		SolutionGuid = {C8324827-C352-4D69-95D0-09917B7D0C97}
	EndGlobalSection
EndGlobal
